
Microsoft Visual Studio Solution File, Format Version 12.00
# Visual Studio Version 17
VisualStudioVersion = 17.4.33213.308
MinimumVisualStudioVersion = 10.0.40219.1
Project("{FAE04EC0-301F-11D3-BF4B-00C04F79EFBC}") = "BillsPaymentSystem.App", "BillsPaymentSystem.App\BillsPaymentSystem.App.csproj", "{CF999A0F-337D-4390-AF8F-14F7189306D2}"
	ProjectSection(ProjectDependencies) = postProject
		{2FC8C862-3459-4667-B4F8-7D63D9A56946} = {2FC8C862-3459-4667-B4F8-7D63D9A56946}
	EndProjectSection
EndProject
Project("{FAE04EC0-301F-11D3-BF4B-00C04F79EFBC}") = "BillsPaymentSystem.Data.Models", "BillsPaymentSystem.Data.Models\BillsPaymentSystem.Data.Models.csproj", "{37ADFDD2-A869-4D7C-BB2F-0DCB79484368}"
EndProject
Project("{FAE04EC0-301F-11D3-BF4B-00C04F79EFBC}") = "BillsPaymentSystem.Data", "BillsPaymentSystem.Data\BillsPaymentSystem.Data.csproj", "{2FC8C862-3459-4667-B4F8-7D63D9A56946}"
	ProjectSection(ProjectDependencies) = postProject
		{37ADFDD2-A869-4D7C-BB2F-0DCB79484368} = {37ADFDD2-A869-4D7C-BB2F-0DCB79484368}
	EndProjectSection
EndProject
Global
	GlobalSection(SolutionConfigurationPlatforms) = preSolution
		Debug|Any CPU = Debug|Any CPU
		Release|Any CPU = Release|Any CPU
	EndGlobalSection
	GlobalSection(ProjectConfigurationPlatforms) = postSolution
		{CF999A0F-337D-4390-AF8F-14F7189306D2}.Debug|Any CPU.ActiveCfg = Debug|Any CPU
		{CF999A0F-337D-4390-AF8F-14F7189306D2}.Debug|Any CPU.Build.0 = Debug|Any CPU
		{CF999A0F-337D-4390-AF8F-14F7189306D2}.Release|Any CPU.ActiveCfg = Release|Any CPU
		{CF999A0F-337D-4390-AF8F-14F7189306D2}.Release|Any CPU.Build.0 = Release|Any CPU
		{37ADFDD2-A869-4D7C-BB2F-0DCB79484368}.Debug|Any CPU.ActiveCfg = Debug|Any CPU
		{37ADFDD2-A869-4D7C-BB2F-0DCB79484368}.Debug|Any CPU.Build.0 = Debug|Any CPU
		{37ADFDD2-A869-4D7C-BB2F-0DCB79484368}.Release|Any CPU.ActiveCfg = Release|Any CPU
		{37ADFDD2-A869-4D7C-BB2F-0DCB79484368}.Release|Any CPU.Build.0 = Release|Any CPU
		{2FC8C862-3459-4667-B4F8-7D63D9A56946}.Debug|Any CPU.ActiveCfg = Debug|Any CPU
		{2FC8C862-3459-4667-B4F8-7D63D9A56946}.Debug|Any CPU.Build.0 = Debug|Any CPU
		{2FC8C862-3459-4667-B4F8-7D63D9A56946}.Release|Any CPU.ActiveCfg = Release|Any CPU
		{2FC8C862-3459-4667-B4F8-7D63D9A56946}.Release|Any CPU.Build.0 = Release|Any CPU
	EndGlobalSection
	GlobalSection(SolutionProperties) = preSolution
		HideSolutionNode = FALSE
	EndGlobalSection
	GlobalSection(ExtensibilityGlobals) = postSolution
		SolutionGuid = {9B35267D-5591-4D34-8594-74D02AA1D0CC}
	EndGlobalSection
EndGlobal
