
Microsoft Visual Studio Solution File, Format Version 12.00
# Visual Studio Version 17
VisualStudioVersion = 17.4.33213.308
MinimumVisualStudioVersion = 10.0.40219.1
Project("{FAE04EC0-301F-11D3-BF4B-00C04F79EFBC}") = "HospitalDb", "HospitalDb\HospitalDb.csproj", "{5AD8942F-84BD-4EC9-B326-B03804AE9030}"
EndProject
Global
	GlobalSection(SolutionConfigurationPlatforms) = preSolution
		Debug|Any CPU = Debug|Any CPU
		Release|Any CPU = Release|Any CPU
	EndGlobalSection
	GlobalSection(ProjectConfigurationPlatforms) = postSolution
		{5AD8942F-84BD-4EC9-B326-B03804AE9030}.Debug|Any CPU.ActiveCfg = Debug|Any CPU
		{5AD8942F-84BD-4EC9-B326-B03804AE9030}.Debug|Any CPU.Build.0 = Debug|Any CPU
		{5AD8942F-84BD-4EC9-B326-B03804AE9030}.Release|Any CPU.ActiveCfg = Release|Any CPU
		{5AD8942F-84BD-4EC9-B326-B03804AE9030}.Release|Any CPU.Build.0 = Release|Any CPU
	EndGlobalSection
	GlobalSection(SolutionProperties) = preSolution
		HideSolutionNode = FALSE
	EndGlobalSection
	GlobalSection(ExtensibilityGlobals) = postSolution
		SolutionGuid = {897E68A3-8D15-4DE3-BE09-E4CFF64B3572}
	EndGlobalSection
EndGlobal
